
Microsoft Visual Studio Solution File, Format Version 12.00
# Visual Studio Version 17
VisualStudioVersion = 17.7.34221.43
MinimumVisualStudioVersion = 10.0.40219.1
Project("{9A19103F-16F7-4668-BE54-9A1E7A4F7556}") = "NaturalShop", "NautralShop\NaturalShop.csproj", "{F5B7F46A-3FA0-418D-9AB0-17B4DBBA8C12}"
EndProject
Global
	GlobalSection(SolutionConfigurationPlatforms) = preSolution
		Debug|Any CPU = Debug|Any CPU
		Release|Any CPU = Release|Any CPU
	EndGlobalSection
	GlobalSection(ProjectConfigurationPlatforms) = postSolution
		{F5B7F46A-3FA0-418D-9AB0-17B4DBBA8C12}.Debug|Any CPU.ActiveCfg = Debug|Any CPU
		{F5B7F46A-3FA0-418D-9AB0-17B4DBBA8C12}.Debug|Any CPU.Build.0 = Debug|Any CPU
		{F5B7F46A-3FA0-418D-9AB0-17B4DBBA8C12}.Release|Any CPU.ActiveCfg = Release|Any CPU
		{F5B7F46A-3FA0-418D-9AB0-17B4DBBA8C12}.Release|Any CPU.Build.0 = Release|Any CPU
	EndGlobalSection
	GlobalSection(SolutionProperties) = preSolution
		HideSolutionNode = FALSE
	EndGlobalSection
	GlobalSection(ExtensibilityGlobals) = postSolution
		SolutionGuid = {372E9876-BA74-44BE-8FEA-155D7464F8F1}
	EndGlobalSection
EndGlobal
